{
  "name": "spec-up-project",
  "lockfileVersion": 3,
  "requires": true,
  "packages": {
    "": {
      "dependencies": {
        "react-kakao-login": "^2.1.1"
      }
    },
    "node_modules/react": {
      "version": "19.1.1",
      "resolved": "https://registry.npmjs.org/react/-/react-19.1.1.tgz",
      "integrity": "sha512-w8nqGImo45dmMIfljjMwOGtbmC/mk4CMYhWIicdSflH91J9TyCyczcPFXJzrZ/ZXcgGRFeP6BU0BEJTw6tZdfQ==",
      "license": "MIT",
      "peer": true,
      "engines": {
        "node": ">=0.10.0"
      }
    },
    "node_modules/react-kakao-login": {
      "version": "2.1.1",
      "resolved": "https://registry.npmjs.org/react-kakao-login/-/react-kakao-login-2.1.1.tgz",
      "integrity": "sha512-t9htk41/i0zUY7q92mtqdqVZZ018BPi1DgbSVVrPCmuMKhZGJOnZ9OfaKLVPu3sn8QXbJc3dPwqKOiElpb44hQ==",
      "license": "MIT",
      "peerDependencies": {
        "react": ">= 15.3.0"
      }
    }
  }
}
